{
	"name": "tests",
	"version": "1.0.0",
	"lockfileVersion": 3,
	"requires": true,
	"packages": {
		"": {
			"name": "tests",
			"version": "1.0.0",
			"license": "ISC",
			"dependencies": {
				"@rbxts/compiler-types": "github:i3ym/roblox-ts-compiler-types-pe",
				"@rbxts/roact": "github:roblox-ts/roact",
				"@rbxts/services": "^1.5.3",
				"@rbxts/testez": "^0.4.2-ts.0",
				"@rbxts/types": "^1.0.751"
			}
		},
		"node_modules/@rbxts/compiler-types": {
			"version": "2.3.0-types.1",
			"resolved": "git+ssh://git@github.com/i3ym/roblox-ts-compiler-types-pe.git#b2de180ac01c5e7eb577b8ae809b3e4b71066595"
		},
		"node_modules/@rbxts/roact": {
			"version": "1.4.4-ts.0",
			"resolved": "git+ssh://git@github.com/roblox-ts/roact.git#f4ee27bc0bab6eb616b4c99aebd0d8a419dee8c4"
		},
		"node_modules/@rbxts/services": {
			"version": "1.5.3",
			"resolved": "https://registry.npmjs.org/@rbxts/services/-/services-1.5.3.tgz",
			"integrity": "sha512-0Lr1OJCfhCILu0Z2+W2Hhx4nIRWLW3llSvzPskozv9AlBR99qTWrhJlh/4dux1RciKPFbZiTYi1CP+/kCloIQw=="
		},
		"node_modules/@rbxts/testez": {
			"version": "0.4.2-ts.0",
			"resolved": "https://registry.npmjs.org/@rbxts/testez/-/testez-0.4.2-ts.0.tgz",
			"integrity": "sha512-8Q+OG9ddTD2P3aARCuRKpPqUBvuifgSnHvQMZ6jBMqUzxhIysnb0l4c3vnnaQnvdyZ1OW9tKxcdEHMGTb67uOw=="
		},
		"node_modules/@rbxts/types": {
			"version": "1.0.751",
			"resolved": "https://registry.npmjs.org/@rbxts/types/-/types-1.0.751.tgz",
			"integrity": "sha512-+Hwyjc7if15MOee9qKgzuUlABG9h3DhOrurxxezYQ/UOeehOK0veidks8cyOPLXdwSmhV2LNWTWDfGKZcmPWWw=="
		}
	}
}
